
Microsoft Visual Studio Solution File, Format Version 12.00
Project("{FAE04EC0-301F-11D3-BF4B-00C04F79EFBC}") = "HomeBoxQrGenerator.Core", "HomeBoxQrGenerator.Core\HomeBoxQrGenerator.Core.csproj", "{88D7A76B-876E-46F3-BB7A-379F32453168}"
EndProject
Project("{FAE04EC0-301F-11D3-BF4B-00C04F79EFBC}") = "HomeBoxQrGenerator.Cli", "HomeBoxQrGenerator.Cli\HomeBoxQrGenerator.Cli.csproj", "{8E639486-5A3D-40EE-9AF2-963758C0F2D1}"
EndProject
Global
	GlobalSection(SolutionConfigurationPlatforms) = preSolution
		Debug|Any CPU = Debug|Any CPU
		Release|Any CPU = Release|Any CPU
	EndGlobalSection
	GlobalSection(ProjectConfigurationPlatforms) = postSolution
		{88D7A76B-876E-46F3-BB7A-379F32453168}.Debug|Any CPU.ActiveCfg = Debug|Any CPU
		{88D7A76B-876E-46F3-BB7A-379F32453168}.Debug|Any CPU.Build.0 = Debug|Any CPU
		{88D7A76B-876E-46F3-BB7A-379F32453168}.Release|Any CPU.ActiveCfg = Release|Any CPU
		{88D7A76B-876E-46F3-BB7A-379F32453168}.Release|Any CPU.Build.0 = Release|Any CPU
		{8E639486-5A3D-40EE-9AF2-963758C0F2D1}.Debug|Any CPU.ActiveCfg = Debug|Any CPU
		{8E639486-5A3D-40EE-9AF2-963758C0F2D1}.Debug|Any CPU.Build.0 = Debug|Any CPU
		{8E639486-5A3D-40EE-9AF2-963758C0F2D1}.Release|Any CPU.ActiveCfg = Release|Any CPU
		{8E639486-5A3D-40EE-9AF2-963758C0F2D1}.Release|Any CPU.Build.0 = Release|Any CPU
	EndGlobalSection
EndGlobal
